
Microsoft Visual Studio Solution File, Format Version 12.00
# Visual Studio Version 16
VisualStudioVersion = 16.0.29102.190
MinimumVisualStudioVersion = 10.0.40219.1
Project("{9A19103F-16F7-4668-BE54-9A1E7A4F7556}") = "MagicTournament", "MagicTournament\MagicTournament.csproj", "{8285E793-9D94-41FB-9C17-B3BADA8E3DE4}"
EndProject
Global
	GlobalSection(SolutionConfigurationPlatforms) = preSolution
		Debug|Any CPU = Debug|Any CPU
		Release|Any CPU = Release|Any CPU
	EndGlobalSection
	GlobalSection(ProjectConfigurationPlatforms) = postSolution
		{8285E793-9D94-41FB-9C17-B3BADA8E3DE4}.Debug|Any CPU.ActiveCfg = Debug|Any CPU
		{8285E793-9D94-41FB-9C17-B3BADA8E3DE4}.Debug|Any CPU.Build.0 = Debug|Any CPU
		{8285E793-9D94-41FB-9C17-B3BADA8E3DE4}.Release|Any CPU.ActiveCfg = Debug|Any CPU
		{8285E793-9D94-41FB-9C17-B3BADA8E3DE4}.Release|Any CPU.Build.0 = Debug|Any CPU
	EndGlobalSection
	GlobalSection(SolutionProperties) = preSolution
		HideSolutionNode = FALSE
	EndGlobalSection
	GlobalSection(ExtensibilityGlobals) = postSolution
		SolutionGuid = {5D39AAB7-0E85-419D-AAB7-398AFDBA738C}
	EndGlobalSection
EndGlobal
